PODS:
  - AFNetworking (1.1.0)
  - Base64 (1.0.1)
  - CKRefreshControl (1.1.0)
  - Facebook-iOS-SDK (3.2.0)
  - FlurrySDK (4.1.0)
  - google-plus-ios-sdk (1.2.1)
  - HockeySDK (3.0.0)
  - NoticeView (3.0.6)
  - SDWebImage (3.2):
    - SDWebImage/Core
  - SDWebImage/Core (3.2)
  - SVProgressHUD (0.9)
  - UIImage-Categories (0.0.1)

DEPENDENCIES:
  - AFNetworking
  - Base64
  - CKRefreshControl
  - Facebook-iOS-SDK
  - FlurrySDK
  - google-plus-ios-sdk
  - HockeySDK
  - NoticeView
  - SDWebImage
  - SVProgressHUD
  - UIImage-Categories

SPEC CHECKSUMS:
  AFNetworking: 761a418233d280c1e0580bcb76ff9cb4c3073d17
  Base64: eaac9f2088ba659c5db1db960576eb0f2969ebaf
  CKRefreshControl: d90d7fe773e2cb0f54d9f917bc78e3a23e6cdc1b
  Facebook-iOS-SDK: a9893c9ad7cf2ce35cb6297e2859eaee654bd6b0
  FlurrySDK: 52245ae8c6fa31825dc74a6afb94b861da2435fa
  google-plus-ios-sdk: fd312bf0eed88cfc708fe2cdcb9c1084598af99e
  HockeySDK: 286d86c6e89a35de7f3e4f3c2879a07185ee0918
  NoticeView: 16bb529beb669dd8f27f1dc9c63b8d006cf89ad1
  SDWebImage: f742ac91b65bd34b6d452325115e2ded3a73380e
  SVProgressHUD: 03d4845ec8e64591726428a08236c6a5489d45f8
  UIImage-Categories: d9f10e0afb9b281b35a3c2b0c7d16d1ca251d824

COCOAPODS: 0.20.2
